
Microsoft Visual Studio Solution File, Format Version 12.00
# Visual Studio Version 17
VisualStudioVersion = 17.3.32819.101
MinimumVisualStudioVersion = 10.0.40219.1
Project("{FAE04EC0-301F-11D3-BF4B-00C04F79EFBC}") = "WellsBookstore", "WellsBookstore\WellsBookstore.csproj", "{D5E78C29-B0A6-4A06-A22A-2FE1EA95A884}"
EndProject
Global
	GlobalSection(SolutionConfigurationPlatforms) = preSolution
		Debug|Any CPU = Debug|Any CPU
		Release|Any CPU = Release|Any CPU
	EndGlobalSection
	GlobalSection(ProjectConfigurationPlatforms) = postSolution
		{D5E78C29-B0A6-4A06-A22A-2FE1EA95A884}.Debug|Any CPU.ActiveCfg = Debug|Any CPU
		{D5E78C29-B0A6-4A06-A22A-2FE1EA95A884}.Debug|Any CPU.Build.0 = Debug|Any CPU
		{D5E78C29-B0A6-4A06-A22A-2FE1EA95A884}.Release|Any CPU.ActiveCfg = Release|Any CPU
		{D5E78C29-B0A6-4A06-A22A-2FE1EA95A884}.Release|Any CPU.Build.0 = Release|Any CPU
	EndGlobalSection
	GlobalSection(SolutionProperties) = preSolution
		HideSolutionNode = FALSE
	EndGlobalSection
	GlobalSection(ExtensibilityGlobals) = postSolution
		SolutionGuid = {59F02FCB-E637-40C5-AF90-1360FDE7125B}
	EndGlobalSection
EndGlobal
