
Microsoft Visual Studio Solution File, Format Version 12.00
# Visual Studio Version 17
VisualStudioVersion = 17.3.32819.101
MinimumVisualStudioVersion = 10.0.40219.1
Project("{9A19103F-16F7-4668-BE54-9A1E7A4F7556}") = "WellsBookstore", "WellsBookstore\WellsBookstore.csproj", "{D5E78C29-B0A6-4A06-A22A-2FE1EA95A884}"
EndProject
Project("{FAE04EC0-301F-11D3-BF4B-00C04F79EFBC}") = "WellsBookstoreArchitecture", "WellsBookstoreArchitecture\WellsBookstoreArchitecture.csproj", "{D3ABF172-1708-4234-B9DB-BDE49C86DBAB}"
EndProject
Global
	GlobalSection(SolutionConfigurationPlatforms) = preSolution
		Debug|Any CPU = Debug|Any CPU
		Debug|ARM = Debug|ARM
		Debug|ARM64 = Debug|ARM64
		Debug|x64 = Debug|x64
		Debug|x86 = Debug|x86
		Release|Any CPU = Release|Any CPU
		Release|ARM = Release|ARM
		Release|ARM64 = Release|ARM64
		Release|x64 = Release|x64
		Release|x86 = Release|x86
	EndGlobalSection
	GlobalSection(ProjectConfigurationPlatforms) = postSolution
		{D5E78C29-B0A6-4A06-A22A-2FE1EA95A884}.Debug|Any CPU.ActiveCfg = Debug|Any CPU
		{D5E78C29-B0A6-4A06-A22A-2FE1EA95A884}.Debug|Any CPU.Build.0 = Debug|Any CPU
		{D5E78C29-B0A6-4A06-A22A-2FE1EA95A884}.Debug|ARM.ActiveCfg = Debug|Any CPU
		{D5E78C29-B0A6-4A06-A22A-2FE1EA95A884}.Debug|ARM.Build.0 = Debug|Any CPU
		{D5E78C29-B0A6-4A06-A22A-2FE1EA95A884}.Debug|ARM64.ActiveCfg = Debug|Any CPU
		{D5E78C29-B0A6-4A06-A22A-2FE1EA95A884}.Debug|ARM64.Build.0 = Debug|Any CPU
		{D5E78C29-B0A6-4A06-A22A-2FE1EA95A884}.Debug|x64.ActiveCfg = Debug|Any CPU
		{D5E78C29-B0A6-4A06-A22A-2FE1EA95A884}.Debug|x64.Build.0 = Debug|Any CPU
		{D5E78C29-B0A6-4A06-A22A-2FE1EA95A884}.Debug|x86.ActiveCfg = Debug|Any CPU
		{D5E78C29-B0A6-4A06-A22A-2FE1EA95A884}.Debug|x86.Build.0 = Debug|Any CPU
		{D5E78C29-B0A6-4A06-A22A-2FE1EA95A884}.Release|Any CPU.ActiveCfg = Release|Any CPU
		{D5E78C29-B0A6-4A06-A22A-2FE1EA95A884}.Release|Any CPU.Build.0 = Release|Any CPU
		{D5E78C29-B0A6-4A06-A22A-2FE1EA95A884}.Release|ARM.ActiveCfg = Release|Any CPU
		{D5E78C29-B0A6-4A06-A22A-2FE1EA95A884}.Release|ARM.Build.0 = Release|Any CPU
		{D5E78C29-B0A6-4A06-A22A-2FE1EA95A884}.Release|ARM64.ActiveCfg = Release|Any CPU
		{D5E78C29-B0A6-4A06-A22A-2FE1EA95A884}.Release|ARM64.Build.0 = Release|Any CPU
		{D5E78C29-B0A6-4A06-A22A-2FE1EA95A884}.Release|x64.ActiveCfg = Release|Any CPU
		{D5E78C29-B0A6-4A06-A22A-2FE1EA95A884}.Release|x64.Build.0 = Release|Any CPU
		{D5E78C29-B0A6-4A06-A22A-2FE1EA95A884}.Release|x86.ActiveCfg = Release|Any CPU
		{D5E78C29-B0A6-4A06-A22A-2FE1EA95A884}.Release|x86.Build.0 = Release|Any CPU
		{D3ABF172-1708-4234-B9DB-BDE49C86DBAB}.Debug|Any CPU.ActiveCfg = Debug|Any CPU
		{D3ABF172-1708-4234-B9DB-BDE49C86DBAB}.Debug|Any CPU.Build.0 = Debug|Any CPU
		{D3ABF172-1708-4234-B9DB-BDE49C86DBAB}.Debug|ARM.ActiveCfg = Debug|ARM
		{D3ABF172-1708-4234-B9DB-BDE49C86DBAB}.Debug|ARM.Build.0 = Debug|ARM
		{D3ABF172-1708-4234-B9DB-BDE49C86DBAB}.Debug|ARM64.ActiveCfg = Debug|ARM64
		{D3ABF172-1708-4234-B9DB-BDE49C86DBAB}.Debug|ARM64.Build.0 = Debug|ARM64
		{D3ABF172-1708-4234-B9DB-BDE49C86DBAB}.Debug|x64.ActiveCfg = Debug|x64
		{D3ABF172-1708-4234-B9DB-BDE49C86DBAB}.Debug|x64.Build.0 = Debug|x64
		{D3ABF172-1708-4234-B9DB-BDE49C86DBAB}.Debug|x86.ActiveCfg = Debug|x86
		{D3ABF172-1708-4234-B9DB-BDE49C86DBAB}.Debug|x86.Build.0 = Debug|x86
		{D3ABF172-1708-4234-B9DB-BDE49C86DBAB}.Release|Any CPU.ActiveCfg = Release|Any CPU
		{D3ABF172-1708-4234-B9DB-BDE49C86DBAB}.Release|Any CPU.Build.0 = Release|Any CPU
		{D3ABF172-1708-4234-B9DB-BDE49C86DBAB}.Release|ARM.ActiveCfg = Release|ARM
		{D3ABF172-1708-4234-B9DB-BDE49C86DBAB}.Release|ARM.Build.0 = Release|ARM
		{D3ABF172-1708-4234-B9DB-BDE49C86DBAB}.Release|ARM64.ActiveCfg = Release|ARM64
		{D3ABF172-1708-4234-B9DB-BDE49C86DBAB}.Release|ARM64.Build.0 = Release|ARM64
		{D3ABF172-1708-4234-B9DB-BDE49C86DBAB}.Release|x64.ActiveCfg = Release|x64
		{D3ABF172-1708-4234-B9DB-BDE49C86DBAB}.Release|x64.Build.0 = Release|x64
		{D3ABF172-1708-4234-B9DB-BDE49C86DBAB}.Release|x86.ActiveCfg = Release|x86
		{D3ABF172-1708-4234-B9DB-BDE49C86DBAB}.Release|x86.Build.0 = Release|x86
	EndGlobalSection
	GlobalSection(SolutionProperties) = preSolution
		HideSolutionNode = FALSE
	EndGlobalSection
	GlobalSection(ExtensibilityGlobals) = postSolution
		SolutionGuid = {59F02FCB-E637-40C5-AF90-1360FDE7125B}
	EndGlobalSection
EndGlobal
